
Microsoft Visual Studio Solution File, Format Version 12.00
# Visual Studio Version 16
VisualStudioVersion = 16.0.31702.278
MinimumVisualStudioVersion = 10.0.40219.1
Project("{FAE04EC0-301F-11D3-BF4B-00C04F79EFBC}") = "PerfectNumber", "PerfectNumber\PerfectNumber.csproj", "{7BE42A60-892D-4D78-A664-83CDA06C61AF}"
EndProject
Global
	GlobalSection(SolutionConfigurationPlatforms) = preSolution
		Debug|Any CPU = Debug|Any CPU
		Release|Any CPU = Release|Any CPU
	EndGlobalSection
	GlobalSection(ProjectConfigurationPlatforms) = postSolution
		{7BE42A60-892D-4D78-A664-83CDA06C61AF}.Debug|Any CPU.ActiveCfg = Debug|Any CPU
		{7BE42A60-892D-4D78-A664-83CDA06C61AF}.Debug|Any CPU.Build.0 = Debug|Any CPU
		{7BE42A60-892D-4D78-A664-83CDA06C61AF}.Release|Any CPU.ActiveCfg = Release|Any CPU
		{7BE42A60-892D-4D78-A664-83CDA06C61AF}.Release|Any CPU.Build.0 = Release|Any CPU
	EndGlobalSection
	GlobalSection(SolutionProperties) = preSolution
		HideSolutionNode = FALSE
	EndGlobalSection
	GlobalSection(ExtensibilityGlobals) = postSolution
		SolutionGuid = {FAF3217C-40E8-455A-A53B-98294FBBBBDD}
	EndGlobalSection
EndGlobal
